# This file is autogenerated, do not edit; changes may be undone by the next 'dep ensure'.


[[projects]]
  branch = "master"
  digest = "1:7afff364b8e5e9f1085fe77ae5630b8e0f7482338a50535881aa0b433e48fb0b"
  name = "github.com/alicebob/gopher-json"
  packages = ["."]
  pruneopts = "UT"
  revision = "5a6b3ba71ee69b77cf64febf8b5a7526ca5eaef0"

[[projects]]
  digest = "1:9bfe4abf7e47f72cb471326dc012abd98dc9b85b1d288c609dd70e7081b74d54"
  name = "github.com/alicebob/miniredis"
  packages = [
    ".",
    "server",
  ]
  pruneopts = "UT"
  revision = "7aa580c6d4761b53c007d24aa18e730fef3e00d4"
  version = "v2.4.6"

[[projects]]
  digest = "1:ffe9824d294da03b391f44e1ae8281281b4afc1bdaa9588c9097785e3af10cec"
  name = "github.com/davecgh/go-spew"
  packages = ["spew"]
  pruneopts = "UT"
  revision = "8991bc29aa16c548c550c7ff78260e27b9ab7c73"
  version = "v1.1.1"

[[projects]]
  digest = "1:613a6897b04e222f3915eb7a88467ced43aeacd3c5f873b833a9fd3daae76089"
  name = "github.com/go-kit/kit"
  packages = [
    "endpoint",
    "log",
    "transport/http",
  ]
  pruneopts = "UT"
  revision = "12210fb6ace19e0496167bb3e667dcd91fa9f69b"
  version = "v0.8.0"

[[projects]]
  digest = "1:4062bc6de62d73e2be342243cf138cf499b34d558876db8d9430e2149388a4d8"
  name = "github.com/go-logfmt/logfmt"
  packages = ["."]
  pruneopts = "UT"
  revision = "07c9b44f60d7ffdfb7d8efe1ad539965737836dc"
  version = "v0.4.0"

[[projects]]
  digest = "1:38ec74012390146c45af1f92d46e5382b50531247929ff3a685d2b2be65155ac"
  name = "github.com/gomodule/redigo"
  packages = [
    "internal",
    "redis",
  ]
  pruneopts = "UT"
  revision = "9c11da706d9b7902c6da69c592f75637793fe121"
  version = "v2.0.0"

[[projects]]
  branch = "master"
  digest = "1:a64e323dc06b73892e5bb5d040ced475c4645d456038333883f58934abbf6f72"
  name = "github.com/kr/logfmt"
  packages = ["."]
  pruneopts = "UT"
  revision = "b84e30acd515aadc4b783ad4ff83aff3299bdfe0"

[[projects]]
  digest = "1:0028cb19b2e4c3112225cd871870f2d9cf49b9b4276531f03438a88e94be86fe"
  name = "github.com/pmezard/go-difflib"
  packages = ["difflib"]
  pruneopts = "UT"
  revision = "792786c7400a136282c1664665ae0a8db921c6c2"
  version = "v1.0.0"

[[projects]]
  digest = "1:972c2427413d41a1e06ca4897e8528e5a1622894050e2f527b38ddf0f343f759"
  name = "github.com/stretchr/testify"
  packages = ["assert"]
  pruneopts = "UT"
  revision = "ffdc059bfe9ce6a4e144ba849dbedead332c6053"
  version = "v1.3.0"

[[projects]]
  branch = "master"
  digest = "1:bd191b42ec841c1f7eff4206367220294d91fd7fa01b33e1a2ce6084eb2c5ce2"
  name = "github.com/yuin/gopher-lua"
  packages = [
    ".",
    "ast",
    "parse",
    "pm",
  ]
  pruneopts = "UT"
  revision = "8bfc7677f583b35a5663a9dd934c08f3b5774bbb"

[solve-meta]
  analyzer-name = "dep"
  analyzer-version = 1
  input-imports = [
    "github.com/alicebob/miniredis",
    "github.com/go-kit/kit/endpoint",
    "github.com/go-kit/kit/log",
    "github.com/go-kit/kit/transport/http",
    "github.com/gomodule/redigo/redis",
    "github.com/stretchr/testify/assert",
  ]
  solver-name = "gps-cdcl"
  solver-version = 1
